{
  "name": "some-sass",
  "lockfileVersion": 2,
  "requires": true,
  "packages": {
    "": {
      "name": "some-sass",
      "dependencies": {
        "some-sass-language-server": "2.3.4"
      }
    },
    "node_modules/some-sass-language-server": {
      "version": "2.3.4",
      "resolved": "https://registry.npmjs.org/some-sass-language-server/-/some-sass-language-server-2.3.4.tgz",
      "integrity": "sha512-FpS8jb3ZXJsZfzIlBdbCAw/Dx/zCRg4rVqpjZeFVZHnMxw422ohfgoaRr6xvvra3FmFHcIkUmRcp7y4v4CpG5A==",
      "bin": {
        "some-sass-language-server": "bin/some-sass-language-server"
      },
      "engines": {
        "node": ">=20"
      }
    }
  },
  "dependencies": {
    "some-sass-language-server": {
      "version": "2.3.4",
      "resolved": "https://registry.npmjs.org/some-sass-language-server/-/some-sass-language-server-2.3.4.tgz",
      "integrity": "sha512-FpS8jb3ZXJsZfzIlBdbCAw/Dx/zCRg4rVqpjZeFVZHnMxw422ohfgoaRr6xvvra3FmFHcIkUmRcp7y4v4CpG5A=="
    }
  }
}
